
Microsoft Visual Studio Solution File, Format Version 12.00
# Visual Studio Version 17
VisualStudioVersion = 17.6.33723.286
MinimumVisualStudioVersion = 10.0.40219.1
Project("{9A19103F-16F7-4668-BE54-9A1E7A4F7556}") = "Lakshya.Ecommerce.Api", "Lakshya.Ecommerce.Api\Lakshya.Ecommerce.Api.csproj", "{5A1AD501-AA8E-4F7E-BCE6-3398F715423A}"
EndProject
Project("{9A19103F-16F7-4668-BE54-9A1E7A4F7556}") = "Lakshya.Ecommerce.Services", "Lakshya.Ecommerce.Services\Lakshya.Ecommerce.Services.csproj", "{1E0B3CD5-055D-4992-90B4-F4D6D207187C}"
EndProject
Project("{9A19103F-16F7-4668-BE54-9A1E7A4F7556}") = "Lakshya.Ecommerce.Repositories", "Lakshya.Ecommerce.Repositories\Lakshya.Ecommerce.Repositories.csproj", "{F9E6521E-F3FF-4119-97E5-E1522AE4E1EF}"
EndProject
Project("{FAE04EC0-301F-11D3-BF4B-00C04F79EFBC}") = "Lakshya.Ecommerce.Data", "Lakshya.Ecommerce.Data\Lakshya.Ecommerce.Data.csproj", "{9906F649-B5DF-4BE5-904A-5C8F1798639C}"
EndProject
Global
	GlobalSection(SolutionConfigurationPlatforms) = preSolution
		Debug|Any CPU = Debug|Any CPU
		Release|Any CPU = Release|Any CPU
	EndGlobalSection
	GlobalSection(ProjectConfigurationPlatforms) = postSolution
		{5A1AD501-AA8E-4F7E-BCE6-3398F715423A}.Debug|Any CPU.ActiveCfg = Debug|Any CPU
		{5A1AD501-AA8E-4F7E-BCE6-3398F715423A}.Debug|Any CPU.Build.0 = Debug|Any CPU
		{5A1AD501-AA8E-4F7E-BCE6-3398F715423A}.Release|Any CPU.ActiveCfg = Release|Any CPU
		{5A1AD501-AA8E-4F7E-BCE6-3398F715423A}.Release|Any CPU.Build.0 = Release|Any CPU
		{1E0B3CD5-055D-4992-90B4-F4D6D207187C}.Debug|Any CPU.ActiveCfg = Debug|Any CPU
		{1E0B3CD5-055D-4992-90B4-F4D6D207187C}.Debug|Any CPU.Build.0 = Debug|Any CPU
		{1E0B3CD5-055D-4992-90B4-F4D6D207187C}.Release|Any CPU.ActiveCfg = Release|Any CPU
		{1E0B3CD5-055D-4992-90B4-F4D6D207187C}.Release|Any CPU.Build.0 = Release|Any CPU
		{F9E6521E-F3FF-4119-97E5-E1522AE4E1EF}.Debug|Any CPU.ActiveCfg = Debug|Any CPU
		{F9E6521E-F3FF-4119-97E5-E1522AE4E1EF}.Debug|Any CPU.Build.0 = Debug|Any CPU
		{F9E6521E-F3FF-4119-97E5-E1522AE4E1EF}.Release|Any CPU.ActiveCfg = Release|Any CPU
		{F9E6521E-F3FF-4119-97E5-E1522AE4E1EF}.Release|Any CPU.Build.0 = Release|Any CPU
		{9906F649-B5DF-4BE5-904A-5C8F1798639C}.Debug|Any CPU.ActiveCfg = Debug|Any CPU
		{9906F649-B5DF-4BE5-904A-5C8F1798639C}.Debug|Any CPU.Build.0 = Debug|Any CPU
		{9906F649-B5DF-4BE5-904A-5C8F1798639C}.Release|Any CPU.ActiveCfg = Release|Any CPU
		{9906F649-B5DF-4BE5-904A-5C8F1798639C}.Release|Any CPU.Build.0 = Release|Any CPU
	EndGlobalSection
	GlobalSection(SolutionProperties) = preSolution
		HideSolutionNode = FALSE
	EndGlobalSection
	GlobalSection(ExtensibilityGlobals) = postSolution
		SolutionGuid = {706FD952-09BC-4F6C-A9C8-AC806D9482C5}
	EndGlobalSection
EndGlobal
